// !$*UTF8*$!
{
	archiveVersion = 1;
	classes = {
	};
	objectVersion = 56;
	objects = {

/* Begin PBXBuildFile section */
		65B441AD2B804407008F0D22 /* WidgetBarAppApp.swift in Sources */ = {isa = PBXBuildFile; fileRef = 65B441AC2B804407008F0D22 /* WidgetBarAppApp.swift */; };
		65B441AF2B804407008F0D22 /* ContentView.swift in Sources */ = {isa = PBXBuildFile; fileRef = 65B441AE2B804407008F0D22 /* ContentView.swift */; };
		65B441B12B804408008F0D22 /* Assets.xcassets in Resources */ = {isa = PBXBuildFile; fileRef = 65B441B02B804408008F0D22 /* Assets.xcassets */; };
		65B441B42B804408008F0D22 /* Preview Assets.xcassets in Resources */ = {isa = PBXBuildFile; fileRef = 65B441B32B804408008F0D22 /* Preview Assets.xcassets */; };
		65B441C12B804458008F0D22 /* WidgetKit.framework in Frameworks */ = {isa = PBXBuildFile; fileRef = 65B441C02B804458008F0D22 /* WidgetKit.framework */; };
		65B441C32B804458008F0D22 /* SwiftUI.framework in Frameworks */ = {isa = PBXBuildFile; fileRef = 65B441C22B804458008F0D22 /* SwiftUI.framework */; };
		65B441C82B804458008F0D22 /* WidgetBar.swift in Sources */ = {isa = PBXBuildFile; fileRef = 65B441C72B804458008F0D22 /* WidgetBar.swift */; };
		65B441CA2B804459008F0D22 /* Assets.xcassets in Resources */ = {isa = PBXBuildFile; fileRef = 65B441C92B804459008F0D22 /* Assets.xcassets */; };
		65B441CE2B804459008F0D22 /* WidgetBarExtension.appex in Embed Foundation Extensions */ = {isa = PBXBuildFile; fileRef = 65B441BE2B804458008F0D22 /* WidgetBarExtension.appex */; settings = {ATTRIBUTES = (RemoveHeadersOnCopy, ); }; };
/* End PBXBuildFile section */

/* Begin PBXContainerItemProxy section */
		65B441CC2B804459008F0D22 /* PBXContainerItemProxy */ = {
			isa = PBXContainerItemProxy;
			containerPortal = 65B441A12B804407008F0D22 /* Project object */;
			proxyType = 1;
			remoteGlobalIDString = 65B441BD2B804458008F0D22;
			remoteInfo = WidgetBarExtension;
		};
/* End PBXContainerItemProxy section */

/* Begin PBXCopyFilesBuildPhase section */
		65B441D22B804459008F0D22 /* Embed Foundation Extensions */ = {
			isa = PBXCopyFilesBuildPhase;
			buildActionMask = 2147483647;
			dstPath = "";
			dstSubfolderSpec = 13;
			files = (
				65B441CE2B804459008F0D22 /* WidgetBarExtension.appex in Embed Foundation Extensions */,
			);
			name = "Embed Foundation Extensions";
			runOnlyForDeploymentPostprocessing = 0;
		};
/* End PBXCopyFilesBuildPhase section */

/* Begin PBXFileReference section */
		65B441A92B804407008F0D22 /* WidgetBarApp.app */ = {isa = PBXFileReference; explicitFileType = wrapper.application; includeInIndex = 0; path = WidgetBarApp.app; sourceTree = BUILT_PRODUCTS_DIR; };
		65B441AC2B804407008F0D22 /* WidgetBarAppApp.swift */ = {isa = PBXFileReference; lastKnownFileType = sourcecode.swift; path = WidgetBarAppApp.swift; sourceTree = "<group>"; };
		65B441AE2B804407008F0D22 /* ContentView.swift */ = {isa = PBXFileReference; lastKnownFileType = sourcecode.swift; path = ContentView.swift; sourceTree = "<group>"; };
		65B441B02B804408008F0D22 /* Assets.xcassets */ = {isa = PBXFileReference; lastKnownFileType = folder.assetcatalog; path = Assets.xcassets; sourceTree = "<group>"; };
		65B441B32B804408008F0D22 /* Preview Assets.xcassets */ = {isa = PBXFileReference; lastKnownFileType = folder.assetcatalog; path = "Preview Assets.xcassets"; sourceTree = "<group>"; };
		65B441BE2B804458008F0D22 /* WidgetBarExtension.appex */ = {isa = PBXFileReference; explicitFileType = "wrapper.app-extension"; includeInIndex = 0; path = WidgetBarExtension.appex; sourceTree = BUILT_PRODUCTS_DIR; };
		65B441C02B804458008F0D22 /* WidgetKit.framework */ = {isa = PBXFileReference; lastKnownFileType = wrapper.framework; name = WidgetKit.framework; path = System/Library/Frameworks/WidgetKit.framework; sourceTree = SDKROOT; };
		65B441C22B804458008F0D22 /* SwiftUI.framework */ = {isa = PBXFileReference; lastKnownFileType = wrapper.framework; name = SwiftUI.framework; path = System/Library/Frameworks/SwiftUI.framework; sourceTree = SDKROOT; };
		65B441C72B804458008F0D22 /* WidgetBar.swift */ = {isa = PBXFileReference; lastKnownFileType = sourcecode.swift; path = WidgetBar.swift; sourceTree = "<group>"; };
		65B441C92B804459008F0D22 /* Assets.xcassets */ = {isa = PBXFileReference; lastKnownFileType = folder.assetcatalog; path = Assets.xcassets; sourceTree = "<group>"; };
		65B441CB2B804459008F0D22 /* Info.plist */ = {isa = PBXFileReference; lastKnownFileType = text.plist.xml; path = Info.plist; sourceTree = "<group>"; };
/* End PBXFileReference section */

/* Begin PBXFrameworksBuildPhase section */
		65B441A62B804407008F0D22 /* Frameworks */ = {
			isa = PBXFrameworksBuildPhase;
			buildActionMask = 2147483647;
			files = (
			);
			runOnlyForDeploymentPostprocessing = 0;
		};
		65B441BB2B804458008F0D22 /* Frameworks */ = {
			isa = PBXFrameworksBuildPhase;
			buildActionMask = 2147483647;
			files = (
				65B441C32B804458008F0D22 /* SwiftUI.framework in Frameworks */,
				65B441C12B804458008F0D22 /* WidgetKit.framework in Frameworks */,
			);
			runOnlyForDeploymentPostprocessing = 0;
		};
/* End PBXFrameworksBuildPhase section */

/* Begin PBXGroup section */
		65B441A02B804407008F0D22 = {
			isa = PBXGroup;
			children = (
				65B441AB2B804407008F0D22 /* WidgetBarApp */,
				65B441C42B804458008F0D22 /* WidgetBar */,
				65B441BF2B804458008F0D22 /* Frameworks */,
				65B441AA2B804407008F0D22 /* Products */,
			);
			sourceTree = "<group>";
		};
		65B441AA2B804407008F0D22 /* Products */ = {
			isa = PBXGroup;
			children = (
				65B441A92B804407008F0D22 /* WidgetBarApp.app */,
				65B441BE2B804458008F0D22 /* WidgetBarExtension.appex */,
			);
			name = Products;
			sourceTree = "<group>";
		};
		65B441AB2B804407008F0D22 /* WidgetBarApp */ = {
			isa = PBXGroup;
			children = (
				65B441AC2B804407008F0D22 /* WidgetBarAppApp.swift */,
				65B441AE2B804407008F0D22 /* ContentView.swift */,
				65B441B02B804408008F0D22 /* Assets.xcassets */,
				65B441B22B804408008F0D22 /* Preview Content */,
			);
			path = WidgetBarApp;
			sourceTree = "<group>";
		};
		65B441B22B804408008F0D22 /* Preview Content */ = {
			isa = PBXGroup;
			children = (
				65B441B32B804408008F0D22 /* Preview Assets.xcassets */,
			);
			path = "Preview Content";
			sourceTree = "<group>";
		};
		65B441BF2B804458008F0D22 /* Frameworks */ = {
			isa = PBXGroup;
			children = (
				65B441C02B804458008F0D22 /* WidgetKit.framework */,
				65B441C22B804458008F0D22 /* SwiftUI.framework */,
			);
			name = Frameworks;
			sourceTree = "<group>";
		};
		65B441C42B804458008F0D22 /* WidgetBar */ = {
			isa = PBXGroup;
			children = (
				65B441C72B804458008F0D22 /* WidgetBar.swift */,
				65B441C92B804459008F0D22 /* Assets.xcassets */,
				65B441CB2B804459008F0D22 /* Info.plist */,
			);
			path = WidgetBar;
			sourceTree = "<group>";
		};
/* End PBXGroup section */

/* Begin PBXNativeTarget section */
		65B441A82B804407008F0D22 /* WidgetBarApp */ = {
			isa = PBXNativeTarget;
			buildConfigurationList = 65B441B72B804408008F0D22 /* Build configuration list for PBXNativeTarget "WidgetBarApp" */;
			buildPhases = (
				65B441A52B804407008F0D22 /* Sources */,
				65B441A62B804407008F0D22 /* Frameworks */,
				65B441A72B804407008F0D22 /* Resources */,
				65B441D22B804459008F0D22 /* Embed Foundation Extensions */,
			);
			buildRules = (
			);
			dependencies = (
				65B441CD2B804459008F0D22 /* PBXTargetDependency */,
			);
			name = WidgetBarApp;
			productName = WidgetBarApp;
			productReference = 65B441A92B804407008F0D22 /* WidgetBarApp.app */;
			productType = "com.apple.product-type.application";
		};
		65B441BD2B804458008F0D22 /* WidgetBarExtension */ = {
			isa = PBXNativeTarget;
			buildConfigurationList = 65B441CF2B804459008F0D22 /* Build configuration list for PBXNativeTarget "WidgetBarExtension" */;
			buildPhases = (
				65B441BA2B804458008F0D22 /* Sources */,
				65B441BB2B804458008F0D22 /* Frameworks */,
				65B441BC2B804458008F0D22 /* Resources */,
			);
			buildRules = (
			);
			dependencies = (
			);
			name = WidgetBarExtension;
			productName = WidgetBarExtension;
			productReference = 65B441BE2B804458008F0D22 /* WidgetBarExtension.appex */;
			productType = "com.apple.product-type.app-extension";
		};
/* End PBXNativeTarget section */

/* Begin PBXProject section */
		65B441A12B804407008F0D22 /* Project object */ = {
			isa = PBXProject;
			attributes = {
				BuildIndependentTargetsInParallel = 1;
				LastSwiftUpdateCheck = 1430;
				LastUpgradeCheck = 1430;
				TargetAttributes = {
					65B441A82B804407008F0D22 = {
						CreatedOnToolsVersion = 14.3.1;
					};
					65B441BD2B804458008F0D22 = {
						CreatedOnToolsVersion = 14.3.1;
					};
				};
			};
			buildConfigurationList = 65B441A42B804407008F0D22 /* Build configuration list for PBXProject "WidgetBarApp" */;
			compatibilityVersion = "Xcode 14.0";
			developmentRegion = en;
			hasScannedForEncodings = 0;
			knownRegions = (
				en,
				Base,
			);
			mainGroup = 65B441A02B804407008F0D22;
			productRefGroup = 65B441AA2B804407008F0D22 /* Products */;
			projectDirPath = "";
			projectRoot = "";
			targets = (
				65B441A82B804407008F0D22 /* WidgetBarApp */,
				65B441BD2B804458008F0D22 /* WidgetBarExtension */,
			);
		};
/* End PBXProject section */

/* Begin PBXResourcesBuildPhase section */
		65B441A72B804407008F0D22 /* Resources */ = {
			isa = PBXResourcesBuildPhase;
			buildActionMask = 2147483647;
			files = (
				65B441B42B804408008F0D22 /* Preview Assets.xcassets in Resources */,
				65B441B12B804408008F0D22 /* Assets.xcassets in Resources */,
			);
			runOnlyForDeploymentPostprocessing = 0;
		};
		65B441BC2B804458008F0D22 /* Resources */ = {
			isa = PBXResourcesBuildPhase;
			buildActionMask = 2147483647;
			files = (
				65B441CA2B804459008F0D22 /* Assets.xcassets in Resources */,
			);
			runOnlyForDeploymentPostprocessing = 0;
		};
/* End PBXResourcesBuildPhase section */

/* Begin PBXSourcesBuildPhase section */
		65B441A52B804407008F0D22 /* Sources */ = {
			isa = PBXSourcesBuildPhase;
			buildActionMask = 2147483647;
			files = (
				65B441AF2B804407008F0D22 /* ContentView.swift in Sources */,
				65B441AD2B804407008F0D22 /* WidgetBarAppApp.swift in Sources */,
			);
			runOnlyForDeploymentPostprocessing = 0;
		};
		65B441BA2B804458008F0D22 /* Sources */ = {
			isa = PBXSourcesBuildPhase;
			buildActionMask = 2147483647;
			files = (
				65B441C82B804458008F0D22 /* WidgetBar.swift in Sources */,
			);
			runOnlyForDeploymentPostprocessing = 0;
		};
/* End PBXSourcesBuildPhase section */

/* Begin PBXTargetDependency section */
		65B441CD2B804459008F0D22 /* PBXTargetDependency */ = {
			isa = PBXTargetDependency;
			target = 65B441BD2B804458008F0D22 /* WidgetBarExtension */;
			targetProxy = 65B441CC2B804459008F0D22 /* PBXContainerItemProxy */;
		};
/* End PBXTargetDependency section */

/* Begin XCBuildConfiguration section */
		65B441B52B804408008F0D22 /* Debug */ = {
			isa = XCBuildConfiguration;
			buildSettings = {
				ALWAYS_SEARCH_USER_PATHS = NO;
				CLANG_ANALYZER_NONNULL = YES;
				CLANG_ANALYZER_NUMBER_OBJECT_CONVERSION = YES_AGGRESSIVE;
				CLANG_CXX_LANGUAGE_STANDARD = "gnu++20";
				CLANG_ENABLE_MODULES = YES;
				CLANG_ENABLE_OBJC_ARC = YES;
				CLANG_ENABLE_OBJC_WEAK = YES;
				CLANG_WARN_BLOCK_CAPTURE_AUTORELEASING = YES;
				CLANG_WARN_BOOL_CONVERSION = YES;
				CLANG_WARN_COMMA = YES;
				CLANG_WARN_CONSTANT_CONVERSION = YES;
				CLANG_WARN_DEPRECATED_OBJC_IMPLEMENTATIONS = YES;
				CLANG_WARN_DIRECT_OBJC_ISA_USAGE = YES_ERROR;
				CLANG_WARN_DOCUMENTATION_COMMENTS = YES;
				CLANG_WARN_EMPTY_BODY = YES;
				CLANG_WARN_ENUM_CONVERSION = YES;
				CLANG_WARN_INFINITE_RECURSION = YES;
				CLANG_WARN_INT_CONVERSION = YES;
				CLANG_WARN_NON_LITERAL_NULL_CONVERSION = YES;
				CLANG_WARN_OBJC_IMPLICIT_RETAIN_SELF = YES;
				CLANG_WARN_OBJC_LITERAL_CONVERSION = YES;
				CLANG_WARN_OBJC_ROOT_CLASS = YES_ERROR;
				CLANG_WARN_QUOTED_INCLUDE_IN_FRAMEWORK_HEADER = YES;
				CLANG_WARN_RANGE_LOOP_ANALYSIS = YES;
				CLANG_WARN_STRICT_PROTOTYPES = YES;
				CLANG_WARN_SUSPICIOUS_MOVE = YES;
				CLANG_WARN_UNGUARDED_AVAILABILITY = YES_AGGRESSIVE;
				CLANG_WARN_UNREACHABLE_CODE = YES;
				CLANG_WARN__DUPLICATE_METHOD_MATCH = YES;
				COPY_PHASE_STRIP = NO;
				DEBUG_INFORMATION_FORMAT = dwarf;
				ENABLE_STRICT_OBJC_MSGSEND = YES;
				ENABLE_TESTABILITY = YES;
				GCC_C_LANGUAGE_STANDARD = gnu11;
				GCC_DYNAMIC_NO_PIC = NO;
				GCC_NO_COMMON_BLOCKS = YES;
				GCC_OPTIMIZATION_LEVEL = 0;
				GCC_PREPROCESSOR_DEFINITIONS = (
					"DEBUG=1",
					"$(inherited)",
				);
				GCC_WARN_64_TO_32_BIT_CONVERSION = YES;
				GCC_WARN_ABOUT_RETURN_TYPE = YES_ERROR;
				GCC_WARN_UNDECLARED_SELECTOR = YES;
				GCC_WARN_UNINITIALIZED_AUTOS = YES_AGGRESSIVE;
				GCC_WARN_UNUSED_FUNCTION = YES;
				GCC_WARN_UNUSED_VARIABLE = YES;
				IPHONEOS_DEPLOYMENT_TARGET = 16.4;
				MTL_ENABLE_DEBUG_INFO = INCLUDE_SOURCE;
				MTL_FAST_MATH = YES;
				ONLY_ACTIVE_ARCH = YES;
				SDKROOT = iphoneos;
				SWIFT_ACTIVE_COMPILATION_CONDITIONS = DEBUG;
				SWIFT_OPTIMIZATION_LEVEL = "-Onone";
			};
			name = Debug;
		};
		65B441B62B804408008F0D22 /* Release */ = {
			isa = XCBuildConfiguration;
			buildSettings = {
				ALWAYS_SEARCH_USER_PATHS = NO;
				CLANG_ANALYZER_NONNULL = YES;
				CLANG_ANALYZER_NUMBER_OBJECT_CONVERSION = YES_AGGRESSIVE;
				CLANG_CXX_LANGUAGE_STANDARD = "gnu++20";
				CLANG_ENABLE_MODULES = YES;
				CLANG_ENABLE_OBJC_ARC = YES;
				CLANG_ENABLE_OBJC_WEAK = YES;
				CLANG_WARN_BLOCK_CAPTURE_AUTORELEASING = YES;
				CLANG_WARN_BOOL_CONVERSION = YES;
				CLANG_WARN_COMMA = YES;
				CLANG_WARN_CONSTANT_CONVERSION = YES;
				CLANG_WARN_DEPRECATED_OBJC_IMPLEMENTATIONS = YES;
				CLANG_WARN_DIRECT_OBJC_ISA_USAGE = YES_ERROR;
				CLANG_WARN_DOCUMENTATION_COMMENTS = YES;
				CLANG_WARN_EMPTY_BODY = YES;
				CLANG_WARN_ENUM_CONVERSION = YES;
				CLANG_WARN_INFINITE_RECURSION = YES;
				CLANG_WARN_INT_CONVERSION = YES;
				CLANG_WARN_NON_LITERAL_NULL_CONVERSION = YES;
				CLANG_WARN_OBJC_IMPLICIT_RETAIN_SELF = YES;
				CLANG_WARN_OBJC_LITERAL_CONVERSION = YES;
				CLANG_WARN_OBJC_ROOT_CLASS = YES_ERROR;
				CLANG_WARN_QUOTED_INCLUDE_IN_FRAMEWORK_HEADER = YES;
				CLANG_WARN_RANGE_LOOP_ANALYSIS = YES;
				CLANG_WARN_STRICT_PROTOTYPES = YES;
				CLANG_WARN_SUSPICIOUS_MOVE = YES;
				CLANG_WARN_UNGUARDED_AVAILABILITY = YES_AGGRESSIVE;
				CLANG_WARN_UNREACHABLE_CODE = YES;
				CLANG_WARN__DUPLICATE_METHOD_MATCH = YES;
				COPY_PHASE_STRIP = NO;
				DEBUG_INFORMATION_FORMAT = "dwarf-with-dsym";
				ENABLE_NS_ASSERTIONS = NO;
				ENABLE_STRICT_OBJC_MSGSEND = YES;
				GCC_C_LANGUAGE_STANDARD = gnu11;
				GCC_NO_COMMON_BLOCKS = YES;
				GCC_WARN_64_TO_32_BIT_CONVERSION = YES;
				GCC_WARN_ABOUT_RETURN_TYPE = YES_ERROR;
				GCC_WARN_UNDECLARED_SELECTOR = YES;
				GCC_WARN_UNINITIALIZED_AUTOS = YES_AGGRESSIVE;
				GCC_WARN_UNUSED_FUNCTION = YES;
				GCC_WARN_UNUSED_VARIABLE = YES;
				IPHONEOS_DEPLOYMENT_TARGET = 16.4;
				MTL_ENABLE_DEBUG_INFO = NO;
				MTL_FAST_MATH = YES;
				SDKROOT = iphoneos;
				SWIFT_COMPILATION_MODE = wholemodule;
				SWIFT_OPTIMIZATION_LEVEL = "-O";
				VALIDATE_PRODUCT = YES;
			};
			name = Release;
		};
		65B441B82B804408008F0D22 /* Debug */ = {
			isa = XCBuildConfiguration;
			buildSettings = {
				ALWAYS_EMBED_SWIFT_STANDARD_LIBRARIES = YES;
				ASSETCATALOG_COMPILER_APPICON_NAME = AppIcon;
				ASSETCATALOG_COMPILER_GLOBAL_ACCENT_COLOR_NAME = AccentColor;
				CODE_SIGN_STYLE = Automatic;
				CURRENT_PROJECT_VERSION = 1;
				DEVELOPMENT_ASSET_PATHS = "\"WidgetBarApp/Preview Content\"";
				DEVELOPMENT_TEAM = 9BV35YNJMD;
				ENABLE_PREVIEWS = YES;
				GENERATE_INFOPLIST_FILE = YES;
				INFOPLIST_KEY_UIApplicationSceneManifest_Generation = YES;
				INFOPLIST_KEY_UIApplicationSupportsIndirectInputEvents = YES;
				INFOPLIST_KEY_UILaunchScreen_Generation = YES;
				INFOPLIST_KEY_UISupportedInterfaceOrientations_iPad = "UIInterfaceOrientationPortrait UIInterfaceOrientationPortraitUpsideDown UIInterfaceOrientationLandscapeLeft UIInterfaceOrientationLandscapeRight";
				INFOPLIST_KEY_UISupportedInterfaceOrientations_iPhone = "UIInterfaceOrientationPortrait UIInterfaceOrientationLandscapeLeft UIInterfaceOrientationLandscapeRight";
				LD_RUNPATH_SEARCH_PATHS = (
					"$(inherited)",
					"@executable_path/Frameworks",
				);
				MARKETING_VERSION = 1.0;
				PRODUCT_BUNDLE_IDENTIFIER = com.franzuaRamirezGaston.WidgetBarApp;
				PRODUCT_NAME = "$(TARGET_NAME)";
				SWIFT_EMIT_LOC_STRINGS = YES;
				SWIFT_VERSION = 5.0;
				TARGETED_DEVICE_FAMILY = "1,2";
			};
			name = Debug;
		};
		65B441B92B804408008F0D22 /* Release */ = {
			isa = XCBuildConfiguration;
			buildSettings = {
				ALWAYS_EMBED_SWIFT_STANDARD_LIBRARIES = YES;
				ASSETCATALOG_COMPILER_APPICON_NAME = AppIcon;
				ASSETCATALOG_COMPILER_GLOBAL_ACCENT_COLOR_NAME = AccentColor;
				CODE_SIGN_STYLE = Automatic;
				CURRENT_PROJECT_VERSION = 1;
				DEVELOPMENT_ASSET_PATHS = "\"WidgetBarApp/Preview Content\"";
				DEVELOPMENT_TEAM = 9BV35YNJMD;
				ENABLE_PREVIEWS = YES;
				GENERATE_INFOPLIST_FILE = YES;
				INFOPLIST_KEY_UIApplicationSceneManifest_Generation = YES;
				INFOPLIST_KEY_UIApplicationSupportsIndirectInputEvents = YES;
				INFOPLIST_KEY_UILaunchScreen_Generation = YES;
				INFOPLIST_KEY_UISupportedInterfaceOrientations_iPad = "UIInterfaceOrientationPortrait UIInterfaceOrientationPortraitUpsideDown UIInterfaceOrientationLandscapeLeft UIInterfaceOrientationLandscapeRight";
				INFOPLIST_KEY_UISupportedInterfaceOrientations_iPhone = "UIInterfaceOrientationPortrait UIInterfaceOrientationLandscapeLeft UIInterfaceOrientationLandscapeRight";
				LD_RUNPATH_SEARCH_PATHS = (
					"$(inherited)",
					"@executable_path/Frameworks",
				);
				MARKETING_VERSION = 1.0;
				PRODUCT_BUNDLE_IDENTIFIER = com.franzuaRamirezGaston.WidgetBarApp;
				PRODUCT_NAME = "$(TARGET_NAME)";
				SWIFT_EMIT_LOC_STRINGS = YES;
				SWIFT_VERSION = 5.0;
				TARGETED_DEVICE_FAMILY = "1,2";
			};
			name = Release;
		};
		65B441D02B804459008F0D22 /* Debug */ = {
			isa = XCBuildConfiguration;
			buildSettings = {
				ASSETCATALOG_COMPILER_GLOBAL_ACCENT_COLOR_NAME = AccentColor;
				ASSETCATALOG_COMPILER_WIDGET_BACKGROUND_COLOR_NAME = WidgetBackground;
				CODE_SIGN_STYLE = Automatic;
				CURRENT_PROJECT_VERSION = 1;
				DEVELOPMENT_TEAM = 9BV35YNJMD;
				GENERATE_INFOPLIST_FILE = YES;
				INFOPLIST_FILE = WidgetBar/Info.plist;
				INFOPLIST_KEY_CFBundleDisplayName = WidgetBar;
				INFOPLIST_KEY_NSHumanReadableCopyright = "";
				LD_RUNPATH_SEARCH_PATHS = (
					"$(inherited)",
					"@executable_path/Frameworks",
					"@executable_path/../../Frameworks",
				);
				MARKETING_VERSION = 1.0;
				PRODUCT_BUNDLE_IDENTIFIER = com.franzuaRamirezGaston.WidgetBarApp.WidgetBar;
				PRODUCT_NAME = "$(TARGET_NAME)";
				SKIP_INSTALL = YES;
				SWIFT_EMIT_LOC_STRINGS = YES;
				SWIFT_VERSION = 5.0;
				TARGETED_DEVICE_FAMILY = "1,2";
			};
			name = Debug;
		};
		65B441D12B804459008F0D22 /* Release */ = {
			isa = XCBuildConfiguration;
			buildSettings = {
				ASSETCATALOG_COMPILER_GLOBAL_ACCENT_COLOR_NAME = AccentColor;
				ASSETCATALOG_COMPILER_WIDGET_BACKGROUND_COLOR_NAME = WidgetBackground;
				CODE_SIGN_STYLE = Automatic;
				CURRENT_PROJECT_VERSION = 1;
				DEVELOPMENT_TEAM = 9BV35YNJMD;
				GENERATE_INFOPLIST_FILE = YES;
				INFOPLIST_FILE = WidgetBar/Info.plist;
				INFOPLIST_KEY_CFBundleDisplayName = WidgetBar;
				INFOPLIST_KEY_NSHumanReadableCopyright = "";
				LD_RUNPATH_SEARCH_PATHS = (
					"$(inherited)",
					"@executable_path/Frameworks",
					"@executable_path/../../Frameworks",
				);
				MARKETING_VERSION = 1.0;
				PRODUCT_BUNDLE_IDENTIFIER = com.franzuaRamirezGaston.WidgetBarApp.WidgetBar;
				PRODUCT_NAME = "$(TARGET_NAME)";
				SKIP_INSTALL = YES;
				SWIFT_EMIT_LOC_STRINGS = YES;
				SWIFT_VERSION = 5.0;
				TARGETED_DEVICE_FAMILY = "1,2";
			};
			name = Release;
		};
/* End XCBuildConfiguration section */

/* Begin XCConfigurationList section */
		65B441A42B804407008F0D22 /* Build configuration list for PBXProject "WidgetBarApp" */ = {
			isa = XCConfigurationList;
			buildConfigurations = (
				65B441B52B804408008F0D22 /* Debug */,
				65B441B62B804408008F0D22 /* Release */,
			);
			defaultConfigurationIsVisible = 0;
			defaultConfigurationName = Release;
		};
		65B441B72B804408008F0D22 /* Build configuration list for PBXNativeTarget "WidgetBarApp" */ = {
			isa = XCConfigurationList;
			buildConfigurations = (
				65B441B82B804408008F0D22 /* Debug */,
				65B441B92B804408008F0D22 /* Release */,
			);
			defaultConfigurationIsVisible = 0;
			defaultConfigurationName = Release;
		};
		65B441CF2B804459008F0D22 /* Build configuration list for PBXNativeTarget "WidgetBarExtension" */ = {
			isa = XCConfigurationList;
			buildConfigurations = (
				65B441D02B804459008F0D22 /* Debug */,
				65B441D12B804459008F0D22 /* Release */,
			);
			defaultConfigurationIsVisible = 0;
			defaultConfigurationName = Release;
		};
/* End XCConfigurationList section */
	};
	rootObject = 65B441A12B804407008F0D22 /* Project object */;
}
